// !$*UTF8*$!
{
	archiveVersion = 1;
	classes = {
	};
	objectVersion = 56;
	objects = {

/* Begin PBXBuildFile section */
		A4B639F0294532FB00C3CBFC /* MouseQuitApp.swift in Sources */ = {isa = PBXBuildFile; fileRef = A4B639EF294532FB00C3CBFC /* MouseQuitApp.swift */; };
		A4B639F2294532FB00C3CBFC /* ContentView.swift in Sources */ = {isa = PBXBuildFile; fileRef = A4B639F1294532FB00C3CBFC /* ContentView.swift */; };
		A4B639F4294532FC00C3CBFC /* Assets.xcassets in Resources */ = {isa = PBXBuildFile; fileRef = A4B639F3294532FC00C3CBFC /* Assets.xcassets */; };
		A4B639F7294532FC00C3CBFC /* Preview Assets.xcassets in Resources */ = {isa = PBXBuildFile; fileRef = A4B639F6294532FC00C3CBFC /* Preview Assets.xcassets */; };
		A4B63A02294532FC00C3CBFC /* MouseQuitTests.swift in Sources */ = {isa = PBXBuildFile; fileRef = A4B63A01294532FC00C3CBFC /* MouseQuitTests.swift */; };
		A4B63A0C294532FC00C3CBFC /* MouseQuitUITests.swift in Sources */ = {isa = PBXBuildFile; fileRef = A4B63A0B294532FC00C3CBFC /* MouseQuitUITests.swift */; };
		A4B63A0E294532FC00C3CBFC /* MouseQuitUITestsLaunchTests.swift in Sources */ = {isa = PBXBuildFile; fileRef = A4B63A0D294532FC00C3CBFC /* MouseQuitUITestsLaunchTests.swift */; };
/* End PBXBuildFile section */

/* Begin PBXContainerItemProxy section */
		A4B639FE294532FC00C3CBFC /* PBXContainerItemProxy */ = {
			isa = PBXContainerItemProxy;
			containerPortal = A4B639E4294532FB00C3CBFC /* Project object */;
			proxyType = 1;
			remoteGlobalIDString = A4B639EB294532FB00C3CBFC;
			remoteInfo = MouseQuit;
		};
		A4B63A08294532FC00C3CBFC /* PBXContainerItemProxy */ = {
			isa = PBXContainerItemProxy;
			containerPortal = A4B639E4294532FB00C3CBFC /* Project object */;
			proxyType = 1;
			remoteGlobalIDString = A4B639EB294532FB00C3CBFC;
			remoteInfo = MouseQuit;
		};
/* End PBXContainerItemProxy section */

/* Begin PBXFileReference section */
		A4B639EC294532FB00C3CBFC /* MouseQuit.app */ = {isa = PBXFileReference; explicitFileType = wrapper.application; includeInIndex = 0; path = MouseQuit.app; sourceTree = BUILT_PRODUCTS_DIR; };
		A4B639EF294532FB00C3CBFC /* MouseQuitApp.swift */ = {isa = PBXFileReference; lastKnownFileType = sourcecode.swift; path = MouseQuitApp.swift; sourceTree = "<group>"; };
		A4B639F1294532FB00C3CBFC /* ContentView.swift */ = {isa = PBXFileReference; lastKnownFileType = sourcecode.swift; path = ContentView.swift; sourceTree = "<group>"; };
		A4B639F3294532FC00C3CBFC /* Assets.xcassets */ = {isa = PBXFileReference; lastKnownFileType = folder.assetcatalog; path = Assets.xcassets; sourceTree = "<group>"; };
		A4B639F6294532FC00C3CBFC /* Preview Assets.xcassets */ = {isa = PBXFileReference; lastKnownFileType = folder.assetcatalog; path = "Preview Assets.xcassets"; sourceTree = "<group>"; };
		A4B639F8294532FC00C3CBFC /* MouseQuit.entitlements */ = {isa = PBXFileReference; lastKnownFileType = text.plist.entitlements; path = MouseQuit.entitlements; sourceTree = "<group>"; };
		A4B639FD294532FC00C3CBFC /* MouseQuitTests.xctest */ = {isa = PBXFileReference; explicitFileType = wrapper.cfbundle; includeInIndex = 0; path = MouseQuitTests.xctest; sourceTree = BUILT_PRODUCTS_DIR; };
		A4B63A01294532FC00C3CBFC /* MouseQuitTests.swift */ = {isa = PBXFileReference; lastKnownFileType = sourcecode.swift; path = MouseQuitTests.swift; sourceTree = "<group>"; };
		A4B63A07294532FC00C3CBFC /* MouseQuitUITests.xctest */ = {isa = PBXFileReference; explicitFileType = wrapper.cfbundle; includeInIndex = 0; path = MouseQuitUITests.xctest; sourceTree = BUILT_PRODUCTS_DIR; };
		A4B63A0B294532FC00C3CBFC /* MouseQuitUITests.swift */ = {isa = PBXFileReference; lastKnownFileType = sourcecode.swift; path = MouseQuitUITests.swift; sourceTree = "<group>"; };
		A4B63A0D294532FC00C3CBFC /* MouseQuitUITestsLaunchTests.swift */ = {isa = PBXFileReference; lastKnownFileType = sourcecode.swift; path = MouseQuitUITestsLaunchTests.swift; sourceTree = "<group>"; };
/* End PBXFileReference section */

/* Begin PBXFrameworksBuildPhase section */
		A4B639E9294532FB00C3CBFC /* Frameworks */ = {
			isa = PBXFrameworksBuildPhase;
			buildActionMask = 2147483647;
			files = (
			);
			runOnlyForDeploymentPostprocessing = 0;
		};
		A4B639FA294532FC00C3CBFC /* Frameworks */ = {
			isa = PBXFrameworksBuildPhase;
			buildActionMask = 2147483647;
			files = (
			);
			runOnlyForDeploymentPostprocessing = 0;
		};
		A4B63A04294532FC00C3CBFC /* Frameworks */ = {
			isa = PBXFrameworksBuildPhase;
			buildActionMask = 2147483647;
			files = (
			);
			runOnlyForDeploymentPostprocessing = 0;
		};
/* End PBXFrameworksBuildPhase section */

/* Begin PBXGroup section */
		A4B639E3294532FB00C3CBFC = {
			isa = PBXGroup;
			children = (
				A4B639EE294532FB00C3CBFC /* MouseQuit */,
				A4B63A00294532FC00C3CBFC /* MouseQuitTests */,
				A4B63A0A294532FC00C3CBFC /* MouseQuitUITests */,
				A4B639ED294532FB00C3CBFC /* Products */,
			);
			sourceTree = "<group>";
		};
		A4B639ED294532FB00C3CBFC /* Products */ = {
			isa = PBXGroup;
			children = (
				A4B639EC294532FB00C3CBFC /* MouseQuit.app */,
				A4B639FD294532FC00C3CBFC /* MouseQuitTests.xctest */,
				A4B63A07294532FC00C3CBFC /* MouseQuitUITests.xctest */,
			);
			name = Products;
			sourceTree = "<group>";
		};
		A4B639EE294532FB00C3CBFC /* MouseQuit */ = {
			isa = PBXGroup;
			children = (
				A4B639EF294532FB00C3CBFC /* MouseQuitApp.swift */,
				A4B639F1294532FB00C3CBFC /* ContentView.swift */,
				A4B639F3294532FC00C3CBFC /* Assets.xcassets */,
				A4B639F8294532FC00C3CBFC /* MouseQuit.entitlements */,
				A4B639F5294532FC00C3CBFC /* Preview Content */,
			);
			path = MouseQuit;
			sourceTree = "<group>";
		};
		A4B639F5294532FC00C3CBFC /* Preview Content */ = {
			isa = PBXGroup;
			children = (
				A4B639F6294532FC00C3CBFC /* Preview Assets.xcassets */,
			);
			path = "Preview Content";
			sourceTree = "<group>";
		};
		A4B63A00294532FC00C3CBFC /* MouseQuitTests */ = {
			isa = PBXGroup;
			children = (
				A4B63A01294532FC00C3CBFC /* MouseQuitTests.swift */,
			);
			path = MouseQuitTests;
			sourceTree = "<group>";
		};
		A4B63A0A294532FC00C3CBFC /* MouseQuitUITests */ = {
			isa = PBXGroup;
			children = (
				A4B63A0B294532FC00C3CBFC /* MouseQuitUITests.swift */,
				A4B63A0D294532FC00C3CBFC /* MouseQuitUITestsLaunchTests.swift */,
			);
			path = MouseQuitUITests;
			sourceTree = "<group>";
		};
/* End PBXGroup section */

/* Begin PBXNativeTarget section */
		A4B639EB294532FB00C3CBFC /* MouseQuit */ = {
			isa = PBXNativeTarget;
			buildConfigurationList = A4B63A11294532FC00C3CBFC /* Build configuration list for PBXNativeTarget "MouseQuit" */;
			buildPhases = (
				A4B639E8294532FB00C3CBFC /* Sources */,
				A4B639E9294532FB00C3CBFC /* Frameworks */,
				A4B639EA294532FB00C3CBFC /* Resources */,
			);
			buildRules = (
			);
			dependencies = (
			);
			name = MouseQuit;
			productName = MouseQuit;
			productReference = A4B639EC294532FB00C3CBFC /* MouseQuit.app */;
			productType = "com.apple.product-type.application";
		};
		A4B639FC294532FC00C3CBFC /* MouseQuitTests */ = {
			isa = PBXNativeTarget;
			buildConfigurationList = A4B63A14294532FC00C3CBFC /* Build configuration list for PBXNativeTarget "MouseQuitTests" */;
			buildPhases = (
				A4B639F9294532FC00C3CBFC /* Sources */,
				A4B639FA294532FC00C3CBFC /* Frameworks */,
				A4B639FB294532FC00C3CBFC /* Resources */,
			);
			buildRules = (
			);
			dependencies = (
				A4B639FF294532FC00C3CBFC /* PBXTargetDependency */,
			);
			name = MouseQuitTests;
			productName = MouseQuitTests;
			productReference = A4B639FD294532FC00C3CBFC /* MouseQuitTests.xctest */;
			productType = "com.apple.product-type.bundle.unit-test";
		};
		A4B63A06294532FC00C3CBFC /* MouseQuitUITests */ = {
			isa = PBXNativeTarget;
			buildConfigurationList = A4B63A17294532FC00C3CBFC /* Build configuration list for PBXNativeTarget "MouseQuitUITests" */;
			buildPhases = (
				A4B63A03294532FC00C3CBFC /* Sources */,
				A4B63A04294532FC00C3CBFC /* Frameworks */,
				A4B63A05294532FC00C3CBFC /* Resources */,
			);
			buildRules = (
			);
			dependencies = (
				A4B63A09294532FC00C3CBFC /* PBXTargetDependency */,
			);
			name = MouseQuitUITests;
			productName = MouseQuitUITests;
			productReference = A4B63A07294532FC00C3CBFC /* MouseQuitUITests.xctest */;
			productType = "com.apple.product-type.bundle.ui-testing";
		};
/* End PBXNativeTarget section */

/* Begin PBXProject section */
		A4B639E4294532FB00C3CBFC /* Project object */ = {
			isa = PBXProject;
			attributes = {
				BuildIndependentTargetsInParallel = 1;
				LastSwiftUpdateCheck = 1410;
				LastUpgradeCheck = 1410;
				TargetAttributes = {
					A4B639EB294532FB00C3CBFC = {
						CreatedOnToolsVersion = 14.1;
					};
					A4B639FC294532FC00C3CBFC = {
						CreatedOnToolsVersion = 14.1;
						TestTargetID = A4B639EB294532FB00C3CBFC;
					};
					A4B63A06294532FC00C3CBFC = {
						CreatedOnToolsVersion = 14.1;
						TestTargetID = A4B639EB294532FB00C3CBFC;
					};
				};
			};
			buildConfigurationList = A4B639E7294532FB00C3CBFC /* Build configuration list for PBXProject "MouseQuit" */;
			compatibilityVersion = "Xcode 14.0";
			developmentRegion = en;
			hasScannedForEncodings = 0;
			knownRegions = (
				en,
				Base,
			);
			mainGroup = A4B639E3294532FB00C3CBFC;
			productRefGroup = A4B639ED294532FB00C3CBFC /* Products */;
			projectDirPath = "";
			projectRoot = "";
			targets = (
				A4B639EB294532FB00C3CBFC /* MouseQuit */,
				A4B639FC294532FC00C3CBFC /* MouseQuitTests */,
				A4B63A06294532FC00C3CBFC /* MouseQuitUITests */,
			);
		};
/* End PBXProject section */

/* Begin PBXResourcesBuildPhase section */
		A4B639EA294532FB00C3CBFC /* Resources */ = {
			isa = PBXResourcesBuildPhase;
			buildActionMask = 2147483647;
			files = (
				A4B639F7294532FC00C3CBFC /* Preview Assets.xcassets in Resources */,
				A4B639F4294532FC00C3CBFC /* Assets.xcassets in Resources */,
			);
			runOnlyForDeploymentPostprocessing = 0;
		};
		A4B639FB294532FC00C3CBFC /* Resources */ = {
			isa = PBXResourcesBuildPhase;
			buildActionMask = 2147483647;
			files = (
			);
			runOnlyForDeploymentPostprocessing = 0;
		};
		A4B63A05294532FC00C3CBFC /* Resources */ = {
			isa = PBXResourcesBuildPhase;
			buildActionMask = 2147483647;
			files = (
			);
			runOnlyForDeploymentPostprocessing = 0;
		};
/* End PBXResourcesBuildPhase section */

/* Begin PBXSourcesBuildPhase section */
		A4B639E8294532FB00C3CBFC /* Sources */ = {
			isa = PBXSourcesBuildPhase;
			buildActionMask = 2147483647;
			files = (
				A4B639F2294532FB00C3CBFC /* ContentView.swift in Sources */,
				A4B639F0294532FB00C3CBFC /* MouseQuitApp.swift in Sources */,
			);
			runOnlyForDeploymentPostprocessing = 0;
		};
		A4B639F9294532FC00C3CBFC /* Sources */ = {
			isa = PBXSourcesBuildPhase;
			buildActionMask = 2147483647;
			files = (
				A4B63A02294532FC00C3CBFC /* MouseQuitTests.swift in Sources */,
			);
			runOnlyForDeploymentPostprocessing = 0;
		};
		A4B63A03294532FC00C3CBFC /* Sources */ = {
			isa = PBXSourcesBuildPhase;
			buildActionMask = 2147483647;
			files = (
				A4B63A0C294532FC00C3CBFC /* MouseQuitUITests.swift in Sources */,
				A4B63A0E294532FC00C3CBFC /* MouseQuitUITestsLaunchTests.swift in Sources */,
			);
			runOnlyForDeploymentPostprocessing = 0;
		};
/* End PBXSourcesBuildPhase section */

/* Begin PBXTargetDependency section */
		A4B639FF294532FC00C3CBFC /* PBXTargetDependency */ = {
			isa = PBXTargetDependency;
			target = A4B639EB294532FB00C3CBFC /* MouseQuit */;
			targetProxy = A4B639FE294532FC00C3CBFC /* PBXContainerItemProxy */;
		};
		A4B63A09294532FC00C3CBFC /* PBXTargetDependency */ = {
			isa = PBXTargetDependency;
			target = A4B639EB294532FB00C3CBFC /* MouseQuit */;
			targetProxy = A4B63A08294532FC00C3CBFC /* PBXContainerItemProxy */;
		};
/* End PBXTargetDependency section */

/* Begin XCBuildConfiguration section */
		A4B63A0F294532FC00C3CBFC /* Debug */ = {
			isa = XCBuildConfiguration;
			buildSettings = {
				ALWAYS_SEARCH_USER_PATHS = NO;
				CLANG_ANALYZER_NONNULL = YES;
				CLANG_ANALYZER_NUMBER_OBJECT_CONVERSION = YES_AGGRESSIVE;
				CLANG_CXX_LANGUAGE_STANDARD = "gnu++20";
				CLANG_ENABLE_MODULES = YES;
				CLANG_ENABLE_OBJC_ARC = YES;
				CLANG_ENABLE_OBJC_WEAK = YES;
				CLANG_WARN_BLOCK_CAPTURE_AUTORELEASING = YES;
				CLANG_WARN_BOOL_CONVERSION = YES;
				CLANG_WARN_COMMA = YES;
				CLANG_WARN_CONSTANT_CONVERSION = YES;
				CLANG_WARN_DEPRECATED_OBJC_IMPLEMENTATIONS = YES;
				CLANG_WARN_DIRECT_OBJC_ISA_USAGE = YES_ERROR;
				CLANG_WARN_DOCUMENTATION_COMMENTS = YES;
				CLANG_WARN_EMPTY_BODY = YES;
				CLANG_WARN_ENUM_CONVERSION = YES;
				CLANG_WARN_INFINITE_RECURSION = YES;
				CLANG_WARN_INT_CONVERSION = YES;
				CLANG_WARN_NON_LITERAL_NULL_CONVERSION = YES;
				CLANG_WARN_OBJC_IMPLICIT_RETAIN_SELF = YES;
				CLANG_WARN_OBJC_LITERAL_CONVERSION = YES;
				CLANG_WARN_OBJC_ROOT_CLASS = YES_ERROR;
				CLANG_WARN_QUOTED_INCLUDE_IN_FRAMEWORK_HEADER = YES;
				CLANG_WARN_RANGE_LOOP_ANALYSIS = YES;
				CLANG_WARN_STRICT_PROTOTYPES = YES;
				CLANG_WARN_SUSPICIOUS_MOVE = YES;
				CLANG_WARN_UNGUARDED_AVAILABILITY = YES_AGGRESSIVE;
				CLANG_WARN_UNREACHABLE_CODE = YES;
				CLANG_WARN__DUPLICATE_METHOD_MATCH = YES;
				COPY_PHASE_STRIP = NO;
				DEBUG_INFORMATION_FORMAT = dwarf;
				ENABLE_STRICT_OBJC_MSGSEND = YES;
				ENABLE_TESTABILITY = YES;
				GCC_C_LANGUAGE_STANDARD = gnu11;
				GCC_DYNAMIC_NO_PIC = NO;
				GCC_NO_COMMON_BLOCKS = YES;
				GCC_OPTIMIZATION_LEVEL = 0;
				GCC_PREPROCESSOR_DEFINITIONS = (
					"DEBUG=1",
					"$(inherited)",
				);
				GCC_WARN_64_TO_32_BIT_CONVERSION = YES;
				GCC_WARN_ABOUT_RETURN_TYPE = YES_ERROR;
				GCC_WARN_UNDECLARED_SELECTOR = YES;
				GCC_WARN_UNINITIALIZED_AUTOS = YES_AGGRESSIVE;
				GCC_WARN_UNUSED_FUNCTION = YES;
				GCC_WARN_UNUSED_VARIABLE = YES;
				MACOSX_DEPLOYMENT_TARGET = 12.6;
				MTL_ENABLE_DEBUG_INFO = INCLUDE_SOURCE;
				MTL_FAST_MATH = YES;
				ONLY_ACTIVE_ARCH = YES;
				SDKROOT = macosx;
				SWIFT_ACTIVE_COMPILATION_CONDITIONS = DEBUG;
				SWIFT_OPTIMIZATION_LEVEL = "-Onone";
			};
			name = Debug;
		};
		A4B63A10294532FC00C3CBFC /* Release */ = {
			isa = XCBuildConfiguration;
			buildSettings = {
				ALWAYS_SEARCH_USER_PATHS = NO;
				CLANG_ANALYZER_NONNULL = YES;
				CLANG_ANALYZER_NUMBER_OBJECT_CONVERSION = YES_AGGRESSIVE;
				CLANG_CXX_LANGUAGE_STANDARD = "gnu++20";
				CLANG_ENABLE_MODULES = YES;
				CLANG_ENABLE_OBJC_ARC = YES;
				CLANG_ENABLE_OBJC_WEAK = YES;
				CLANG_WARN_BLOCK_CAPTURE_AUTORELEASING = YES;
				CLANG_WARN_BOOL_CONVERSION = YES;
				CLANG_WARN_COMMA = YES;
				CLANG_WARN_CONSTANT_CONVERSION = YES;
				CLANG_WARN_DEPRECATED_OBJC_IMPLEMENTATIONS = YES;
				CLANG_WARN_DIRECT_OBJC_ISA_USAGE = YES_ERROR;
				CLANG_WARN_DOCUMENTATION_COMMENTS = YES;
				CLANG_WARN_EMPTY_BODY = YES;
				CLANG_WARN_ENUM_CONVERSION = YES;
				CLANG_WARN_INFINITE_RECURSION = YES;
				CLANG_WARN_INT_CONVERSION = YES;
				CLANG_WARN_NON_LITERAL_NULL_CONVERSION = YES;
				CLANG_WARN_OBJC_IMPLICIT_RETAIN_SELF = YES;
				CLANG_WARN_OBJC_LITERAL_CONVERSION = YES;
				CLANG_WARN_OBJC_ROOT_CLASS = YES_ERROR;
				CLANG_WARN_QUOTED_INCLUDE_IN_FRAMEWORK_HEADER = YES;
				CLANG_WARN_RANGE_LOOP_ANALYSIS = YES;
				CLANG_WARN_STRICT_PROTOTYPES = YES;
				CLANG_WARN_SUSPICIOUS_MOVE = YES;
				CLANG_WARN_UNGUARDED_AVAILABILITY = YES_AGGRESSIVE;
				CLANG_WARN_UNREACHABLE_CODE = YES;
				CLANG_WARN__DUPLICATE_METHOD_MATCH = YES;
				COPY_PHASE_STRIP = NO;
				DEBUG_INFORMATION_FORMAT = "dwarf-with-dsym";
				ENABLE_NS_ASSERTIONS = NO;
				ENABLE_STRICT_OBJC_MSGSEND = YES;
				GCC_C_LANGUAGE_STANDARD = gnu11;
				GCC_NO_COMMON_BLOCKS = YES;
				GCC_WARN_64_TO_32_BIT_CONVERSION = YES;
				GCC_WARN_ABOUT_RETURN_TYPE = YES_ERROR;
				GCC_WARN_UNDECLARED_SELECTOR = YES;
				GCC_WARN_UNINITIALIZED_AUTOS = YES_AGGRESSIVE;
				GCC_WARN_UNUSED_FUNCTION = YES;
				GCC_WARN_UNUSED_VARIABLE = YES;
				MACOSX_DEPLOYMENT_TARGET = 12.6;
				MTL_ENABLE_DEBUG_INFO = NO;
				MTL_FAST_MATH = YES;
				SDKROOT = macosx;
				SWIFT_COMPILATION_MODE = wholemodule;
				SWIFT_OPTIMIZATION_LEVEL = "-O";
			};
			name = Release;
		};
		A4B63A12294532FC00C3CBFC /* Debug */ = {
			isa = XCBuildConfiguration;
			buildSettings = {
				ASSETCATALOG_COMPILER_APPICON_NAME = AppIcon;
				ASSETCATALOG_COMPILER_GLOBAL_ACCENT_COLOR_NAME = AccentColor;
				CODE_SIGN_ENTITLEMENTS = MouseQuit/MouseQuit.entitlements;
				CODE_SIGN_STYLE = Automatic;
				COMBINE_HIDPI_IMAGES = YES;
				CURRENT_PROJECT_VERSION = 1;
				DEVELOPMENT_ASSET_PATHS = "\"MouseQuit/Preview Content\"";
				ENABLE_PREVIEWS = YES;
				GENERATE_INFOPLIST_FILE = YES;
				INFOPLIST_KEY_NSHumanReadableCopyright = "";
				LD_RUNPATH_SEARCH_PATHS = (
					"$(inherited)",
					"@executable_path/../Frameworks",
				);
				MARKETING_VERSION = 1.0;
				PRODUCT_BUNDLE_IDENTIFIER = wonderblue.MouseQuit;
				PRODUCT_NAME = "$(TARGET_NAME)";
				SWIFT_EMIT_LOC_STRINGS = YES;
				SWIFT_VERSION = 5.0;
			};
			name = Debug;
		};
		A4B63A13294532FC00C3CBFC /* Release */ = {
			isa = XCBuildConfiguration;
			buildSettings = {
				ASSETCATALOG_COMPILER_APPICON_NAME = AppIcon;
				ASSETCATALOG_COMPILER_GLOBAL_ACCENT_COLOR_NAME = AccentColor;
				CODE_SIGN_ENTITLEMENTS = MouseQuit/MouseQuit.entitlements;
				CODE_SIGN_STYLE = Automatic;
				COMBINE_HIDPI_IMAGES = YES;
				CURRENT_PROJECT_VERSION = 1;
				DEVELOPMENT_ASSET_PATHS = "\"MouseQuit/Preview Content\"";
				ENABLE_PREVIEWS = YES;
				GENERATE_INFOPLIST_FILE = YES;
				INFOPLIST_KEY_NSHumanReadableCopyright = "";
				LD_RUNPATH_SEARCH_PATHS = (
					"$(inherited)",
					"@executable_path/../Frameworks",
				);
				MARKETING_VERSION = 1.0;
				PRODUCT_BUNDLE_IDENTIFIER = wonderblue.MouseQuit;
				PRODUCT_NAME = "$(TARGET_NAME)";
				SWIFT_EMIT_LOC_STRINGS = YES;
				SWIFT_VERSION = 5.0;
			};
			name = Release;
		};
		A4B63A15294532FC00C3CBFC /* Debug */ = {
			isa = XCBuildConfiguration;
			buildSettings = {
				ALWAYS_EMBED_SWIFT_STANDARD_LIBRARIES = YES;
				BUNDLE_LOADER = "$(TEST_HOST)";
				CODE_SIGN_STYLE = Automatic;
				CURRENT_PROJECT_VERSION = 1;
				GENERATE_INFOPLIST_FILE = YES;
				MACOSX_DEPLOYMENT_TARGET = 12.6;
				MARKETING_VERSION = 1.0;
				PRODUCT_BUNDLE_IDENTIFIER = wonderblue.MouseQuitTests;
				PRODUCT_NAME = "$(TARGET_NAME)";
				SWIFT_EMIT_LOC_STRINGS = NO;
				SWIFT_VERSION = 5.0;
				TEST_HOST = "$(BUILT_PRODUCTS_DIR)/MouseQuit.app/$(BUNDLE_EXECUTABLE_FOLDER_PATH)/MouseQuit";
			};
			name = Debug;
		};
		A4B63A16294532FC00C3CBFC /* Release */ = {
			isa = XCBuildConfiguration;
			buildSettings = {
				ALWAYS_EMBED_SWIFT_STANDARD_LIBRARIES = YES;
				BUNDLE_LOADER = "$(TEST_HOST)";
				CODE_SIGN_STYLE = Automatic;
				CURRENT_PROJECT_VERSION = 1;
				GENERATE_INFOPLIST_FILE = YES;
				MACOSX_DEPLOYMENT_TARGET = 12.6;
				MARKETING_VERSION = 1.0;
				PRODUCT_BUNDLE_IDENTIFIER = wonderblue.MouseQuitTests;
				PRODUCT_NAME = "$(TARGET_NAME)";
				SWIFT_EMIT_LOC_STRINGS = NO;
				SWIFT_VERSION = 5.0;
				TEST_HOST = "$(BUILT_PRODUCTS_DIR)/MouseQuit.app/$(BUNDLE_EXECUTABLE_FOLDER_PATH)/MouseQuit";
			};
			name = Release;
		};
		A4B63A18294532FC00C3CBFC /* Debug */ = {
			isa = XCBuildConfiguration;
			buildSettings = {
				ALWAYS_EMBED_SWIFT_STANDARD_LIBRARIES = YES;
				CODE_SIGN_STYLE = Automatic;
				CURRENT_PROJECT_VERSION = 1;
				GENERATE_INFOPLIST_FILE = YES;
				MARKETING_VERSION = 1.0;
				PRODUCT_BUNDLE_IDENTIFIER = wonderblue.MouseQuitUITests;
				PRODUCT_NAME = "$(TARGET_NAME)";
				SWIFT_EMIT_LOC_STRINGS = NO;
				SWIFT_VERSION = 5.0;
				TEST_TARGET_NAME = MouseQuit;
			};
			name = Debug;
		};
		A4B63A19294532FC00C3CBFC /* Release */ = {
			isa = XCBuildConfiguration;
			buildSettings = {
				ALWAYS_EMBED_SWIFT_STANDARD_LIBRARIES = YES;
				CODE_SIGN_STYLE = Automatic;
				CURRENT_PROJECT_VERSION = 1;
				GENERATE_INFOPLIST_FILE = YES;
				MARKETING_VERSION = 1.0;
				PRODUCT_BUNDLE_IDENTIFIER = wonderblue.MouseQuitUITests;
				PRODUCT_NAME = "$(TARGET_NAME)";
				SWIFT_EMIT_LOC_STRINGS = NO;
				SWIFT_VERSION = 5.0;
				TEST_TARGET_NAME = MouseQuit;
			};
			name = Release;
		};
/* End XCBuildConfiguration section */

/* Begin XCConfigurationList section */
		A4B639E7294532FB00C3CBFC /* Build configuration list for PBXProject "MouseQuit" */ = {
			isa = XCConfigurationList;
			buildConfigurations = (
				A4B63A0F294532FC00C3CBFC /* Debug */,
				A4B63A10294532FC00C3CBFC /* Release */,
			);
			defaultConfigurationIsVisible = 0;
			defaultConfigurationName = Release;
		};
		A4B63A11294532FC00C3CBFC /* Build configuration list for PBXNativeTarget "MouseQuit" */ = {
			isa = XCConfigurationList;
			buildConfigurations = (
				A4B63A12294532FC00C3CBFC /* Debug */,
				A4B63A13294532FC00C3CBFC /* Release */,
			);
			defaultConfigurationIsVisible = 0;
			defaultConfigurationName = Release;
		};
		A4B63A14294532FC00C3CBFC /* Build configuration list for PBXNativeTarget "MouseQuitTests" */ = {
			isa = XCConfigurationList;
			buildConfigurations = (
				A4B63A15294532FC00C3CBFC /* Debug */,
				A4B63A16294532FC00C3CBFC /* Release */,
			);
			defaultConfigurationIsVisible = 0;
			defaultConfigurationName = Release;
		};
		A4B63A17294532FC00C3CBFC /* Build configuration list for PBXNativeTarget "MouseQuitUITests" */ = {
			isa = XCConfigurationList;
			buildConfigurations = (
				A4B63A18294532FC00C3CBFC /* Debug */,
				A4B63A19294532FC00C3CBFC /* Release */,
			);
			defaultConfigurationIsVisible = 0;
			defaultConfigurationName = Release;
		};
/* End XCConfigurationList section */
	};
	rootObject = A4B639E4294532FB00C3CBFC /* Project object */;
}
